
Microsoft Visual Studio Solution File, Format Version 12.00
# Visual Studio Version 16
VisualStudioVersion = 16.0.31624.102
MinimumVisualStudioVersion = 10.0.40219.1
Project("{FAE04EC0-301F-11D3-BF4B-00C04F79EFBC}") = "QuizAndresQuintero", "QuizAndresQuintero\QuizAndresQuintero.csproj", "{AD76EA1B-97E6-4156-9EB5-C694100750CF}"
EndProject
Global
	GlobalSection(SolutionConfigurationPlatforms) = preSolution
		Debug|Any CPU = Debug|Any CPU
		Release|Any CPU = Release|Any CPU
	EndGlobalSection
	GlobalSection(ProjectConfigurationPlatforms) = postSolution
		{AD76EA1B-97E6-4156-9EB5-C694100750CF}.Debug|Any CPU.ActiveCfg = Debug|Any CPU
		{AD76EA1B-97E6-4156-9EB5-C694100750CF}.Debug|Any CPU.Build.0 = Debug|Any CPU
		{AD76EA1B-97E6-4156-9EB5-C694100750CF}.Release|Any CPU.ActiveCfg = Release|Any CPU
		{AD76EA1B-97E6-4156-9EB5-C694100750CF}.Release|Any CPU.Build.0 = Release|Any CPU
	EndGlobalSection
	GlobalSection(SolutionProperties) = preSolution
		HideSolutionNode = FALSE
	EndGlobalSection
	GlobalSection(ExtensibilityGlobals) = postSolution
		SolutionGuid = {7A9CF2BA-46EE-4195-8C2C-0EEEB902538D}
	EndGlobalSection
EndGlobal
